
Microsoft Visual Studio Solution File, Format Version 12.00
# Visual Studio 15
VisualStudioVersion = 15.0.26730.3
MinimumVisualStudioVersion = 10.0.40219.1
Project("{9A19103F-16F7-4668-BE54-9A1E7A4F7556}") = "ExemploConfig", "ExemploConfig\ExemploConfig.csproj", "{98E52037-AFCF-4710-A0BC-C95E4DD8879B}"
EndProject
Project("{9A19103F-16F7-4668-BE54-9A1E7A4F7556}") = "ExemploRazorPages", "ExemploRazorPages\ExemploRazorPages.csproj", "{848A8503-D244-432C-8B13-AB71A66ADE9C}"
EndProject
Project("{9A19103F-16F7-4668-BE54-9A1E7A4F7556}") = "ExemploCustomTagHelpers", "ExemploCustomTagHelpers\ExemploCustomTagHelpers.csproj", "{D61647A3-7A9E-41C0-AE71-5DAA3933BD78}"
EndProject
Project("{9A19103F-16F7-4668-BE54-9A1E7A4F7556}") = "ExemploTagHelpers", "ExemploTagHelpers\ExemploTagHelpers.csproj", "{CA42B17E-AF56-43FF-804A-B2CF1E537D64}"
EndProject
Project("{2150E333-8FDC-42A3-9474-1A3956D46DE8}") = "Front-End", "Front-End", "{C0FF10CE-413B-4AA9-A3D5-9092CF448376}"
EndProject
Project("{2150E333-8FDC-42A3-9474-1A3956D46DE8}") = "Cache", "Cache", "{217E33C4-BFDF-407E-8D9C-494657F5BE92}"
EndProject
Project("{9A19103F-16F7-4668-BE54-9A1E7A4F7556}") = "ExemploTagCache", "ExemploTagCache\ExemploTagCache.csproj", "{D5BB645C-6727-4818-A346-7D75366319C7}"
EndProject
Project("{9A19103F-16F7-4668-BE54-9A1E7A4F7556}") = "ExemploRedisCache", "ExemploRedisCache\ExemploRedisCache.csproj", "{A63D053B-3E73-4D34-BEC3-9B53AB87DCD5}"
EndProject
Project("{2150E333-8FDC-42A3-9474-1A3956D46DE8}") = "Middlewares", "Middlewares", "{97007CE1-1A44-428F-9800-B9615F34798A}"
EndProject
Project("{2150E333-8FDC-42A3-9474-1A3956D46DE8}") = "Data Access", "Data Access", "{44F0CDB8-4F5F-4AA8-8BB8-FE2A777D1EA9}"
EndProject
Project("{9A19103F-16F7-4668-BE54-9A1E7A4F7556}") = "ExemploEFCore", "ExemploEFCore\ExemploEFCore.csproj", "{41CBA5DE-FE8C-48C0-B44C-6EC7FB03677A}"
EndProject
Project("{00D1A9C2-B5F0-4AF3-8072-F6C62B433612}") = "Scripts", "Scripts\Scripts.sqlproj", "{DB0F4D50-008B-4A7C-AD4C-43A288F292FB}"
EndProject
Project("{9A19103F-16F7-4668-BE54-9A1E7A4F7556}") = "ExemploCompressao", "ExemploCompressao\ExemploCompressao.csproj", "{5C7BA5EA-305E-4842-BEA0-21BD5BA4A87C}"
EndProject
Project("{9A19103F-16F7-4668-BE54-9A1E7A4F7556}") = "ExemploResponseCache", "ExemploResponseCache\ExemploResponseCache.csproj", "{15CC6706-3265-4234-A37F-616628E7248F}"
EndProject
Project("{9A19103F-16F7-4668-BE54-9A1E7A4F7556}") = "ExemploIMemoryCache", "ExemploIMemoryCache\ExemploIMemoryCache.csproj", "{DE451BD8-C890-4631-A54F-CEE99C4284A5}"
EndProject
Project("{9A19103F-16F7-4668-BE54-9A1E7A4F7556}") = "ExemploSqlCache", "ExemploSqlCache\ExemploSqlCache.csproj", "{D9AAAFC9-58D7-4BD5-A993-0A1EA6E8080F}"
EndProject
Project("{9A19103F-16F7-4668-BE54-9A1E7A4F7556}") = "ExemploADO", "ExemploADO\ExemploADO.csproj", "{9AFB6F9D-B41D-4EE2-933F-901BF6D0C92F}"
EndProject
Project("{9A19103F-16F7-4668-BE54-9A1E7A4F7556}") = "ExemploInjDependencias", "ExemploInjDependencias\ExemploInjDependencias.csproj", "{EBE8E4DA-8ED7-49B2-9757-1D8A9FAF845A}"
EndProject
Project("{9A19103F-16F7-4668-BE54-9A1E7A4F7556}") = "ExemploMiddleware1", "ExemploMiddleware1\ExemploMiddleware1.csproj", "{A7217344-C93D-4D5E-B3F7-E6AA8CDA38FD}"
EndProject
Project("{9A19103F-16F7-4668-BE54-9A1E7A4F7556}") = "ExemploMiddleware2", "ExemploMiddleware2\ExemploMiddleware2.csproj", "{35FE9D4F-56F8-405B-A707-ECACBF223A78}"
EndProject
Project("{9A19103F-16F7-4668-BE54-9A1E7A4F7556}") = "ExemploViewComponent", "ExemploViewComponent\ExemploViewComponent.csproj", "{C56AEDAB-EF62-4DB5-8DB2-9361ECD80E62}"
EndProject
Project("{FAE04EC0-301F-11D3-BF4B-00C04F79EFBC}") = "ExemploJsonHelper", "ExemploJsonHelper\ExemploJsonHelper.csproj", "{19947A6C-D891-40F1-BA69-874AD48CAC86}"
EndProject
Global
	GlobalSection(SolutionConfigurationPlatforms) = preSolution
		Debug|Any CPU = Debug|Any CPU
		Release|Any CPU = Release|Any CPU
	EndGlobalSection
	GlobalSection(ProjectConfigurationPlatforms) = postSolution
		{98E52037-AFCF-4710-A0BC-C95E4DD8879B}.Debug|Any CPU.ActiveCfg = Debug|Any CPU
		{98E52037-AFCF-4710-A0BC-C95E4DD8879B}.Debug|Any CPU.Build.0 = Debug|Any CPU
		{98E52037-AFCF-4710-A0BC-C95E4DD8879B}.Release|Any CPU.ActiveCfg = Release|Any CPU
		{98E52037-AFCF-4710-A0BC-C95E4DD8879B}.Release|Any CPU.Build.0 = Release|Any CPU
		{848A8503-D244-432C-8B13-AB71A66ADE9C}.Debug|Any CPU.ActiveCfg = Debug|Any CPU
		{848A8503-D244-432C-8B13-AB71A66ADE9C}.Debug|Any CPU.Build.0 = Debug|Any CPU
		{848A8503-D244-432C-8B13-AB71A66ADE9C}.Release|Any CPU.ActiveCfg = Release|Any CPU
		{848A8503-D244-432C-8B13-AB71A66ADE9C}.Release|Any CPU.Build.0 = Release|Any CPU
		{D61647A3-7A9E-41C0-AE71-5DAA3933BD78}.Debug|Any CPU.ActiveCfg = Debug|Any CPU
		{D61647A3-7A9E-41C0-AE71-5DAA3933BD78}.Debug|Any CPU.Build.0 = Debug|Any CPU
		{D61647A3-7A9E-41C0-AE71-5DAA3933BD78}.Release|Any CPU.ActiveCfg = Release|Any CPU
		{D61647A3-7A9E-41C0-AE71-5DAA3933BD78}.Release|Any CPU.Build.0 = Release|Any CPU
		{CA42B17E-AF56-43FF-804A-B2CF1E537D64}.Debug|Any CPU.ActiveCfg = Debug|Any CPU
		{CA42B17E-AF56-43FF-804A-B2CF1E537D64}.Debug|Any CPU.Build.0 = Debug|Any CPU
		{CA42B17E-AF56-43FF-804A-B2CF1E537D64}.Release|Any CPU.ActiveCfg = Release|Any CPU
		{CA42B17E-AF56-43FF-804A-B2CF1E537D64}.Release|Any CPU.Build.0 = Release|Any CPU
		{D5BB645C-6727-4818-A346-7D75366319C7}.Debug|Any CPU.ActiveCfg = Debug|Any CPU
		{D5BB645C-6727-4818-A346-7D75366319C7}.Debug|Any CPU.Build.0 = Debug|Any CPU
		{D5BB645C-6727-4818-A346-7D75366319C7}.Release|Any CPU.ActiveCfg = Release|Any CPU
		{D5BB645C-6727-4818-A346-7D75366319C7}.Release|Any CPU.Build.0 = Release|Any CPU
		{A63D053B-3E73-4D34-BEC3-9B53AB87DCD5}.Debug|Any CPU.ActiveCfg = Debug|Any CPU
		{A63D053B-3E73-4D34-BEC3-9B53AB87DCD5}.Debug|Any CPU.Build.0 = Debug|Any CPU
		{A63D053B-3E73-4D34-BEC3-9B53AB87DCD5}.Release|Any CPU.ActiveCfg = Release|Any CPU
		{A63D053B-3E73-4D34-BEC3-9B53AB87DCD5}.Release|Any CPU.Build.0 = Release|Any CPU
		{41CBA5DE-FE8C-48C0-B44C-6EC7FB03677A}.Debug|Any CPU.ActiveCfg = Debug|Any CPU
		{41CBA5DE-FE8C-48C0-B44C-6EC7FB03677A}.Debug|Any CPU.Build.0 = Debug|Any CPU
		{41CBA5DE-FE8C-48C0-B44C-6EC7FB03677A}.Release|Any CPU.ActiveCfg = Release|Any CPU
		{41CBA5DE-FE8C-48C0-B44C-6EC7FB03677A}.Release|Any CPU.Build.0 = Release|Any CPU
		{DB0F4D50-008B-4A7C-AD4C-43A288F292FB}.Debug|Any CPU.ActiveCfg = Debug|Any CPU
		{DB0F4D50-008B-4A7C-AD4C-43A288F292FB}.Debug|Any CPU.Build.0 = Debug|Any CPU
		{DB0F4D50-008B-4A7C-AD4C-43A288F292FB}.Debug|Any CPU.Deploy.0 = Debug|Any CPU
		{DB0F4D50-008B-4A7C-AD4C-43A288F292FB}.Release|Any CPU.ActiveCfg = Release|Any CPU
		{DB0F4D50-008B-4A7C-AD4C-43A288F292FB}.Release|Any CPU.Build.0 = Release|Any CPU
		{DB0F4D50-008B-4A7C-AD4C-43A288F292FB}.Release|Any CPU.Deploy.0 = Release|Any CPU
		{5C7BA5EA-305E-4842-BEA0-21BD5BA4A87C}.Debug|Any CPU.ActiveCfg = Debug|Any CPU
		{5C7BA5EA-305E-4842-BEA0-21BD5BA4A87C}.Debug|Any CPU.Build.0 = Debug|Any CPU
		{5C7BA5EA-305E-4842-BEA0-21BD5BA4A87C}.Release|Any CPU.ActiveCfg = Release|Any CPU
		{5C7BA5EA-305E-4842-BEA0-21BD5BA4A87C}.Release|Any CPU.Build.0 = Release|Any CPU
		{15CC6706-3265-4234-A37F-616628E7248F}.Debug|Any CPU.ActiveCfg = Debug|Any CPU
		{15CC6706-3265-4234-A37F-616628E7248F}.Debug|Any CPU.Build.0 = Debug|Any CPU
		{15CC6706-3265-4234-A37F-616628E7248F}.Release|Any CPU.ActiveCfg = Release|Any CPU
		{15CC6706-3265-4234-A37F-616628E7248F}.Release|Any CPU.Build.0 = Release|Any CPU
		{DE451BD8-C890-4631-A54F-CEE99C4284A5}.Debug|Any CPU.ActiveCfg = Debug|Any CPU
		{DE451BD8-C890-4631-A54F-CEE99C4284A5}.Debug|Any CPU.Build.0 = Debug|Any CPU
		{DE451BD8-C890-4631-A54F-CEE99C4284A5}.Release|Any CPU.ActiveCfg = Release|Any CPU
		{DE451BD8-C890-4631-A54F-CEE99C4284A5}.Release|Any CPU.Build.0 = Release|Any CPU
		{D9AAAFC9-58D7-4BD5-A993-0A1EA6E8080F}.Debug|Any CPU.ActiveCfg = Debug|Any CPU
		{D9AAAFC9-58D7-4BD5-A993-0A1EA6E8080F}.Debug|Any CPU.Build.0 = Debug|Any CPU
		{D9AAAFC9-58D7-4BD5-A993-0A1EA6E8080F}.Release|Any CPU.ActiveCfg = Release|Any CPU
		{D9AAAFC9-58D7-4BD5-A993-0A1EA6E8080F}.Release|Any CPU.Build.0 = Release|Any CPU
		{9AFB6F9D-B41D-4EE2-933F-901BF6D0C92F}.Debug|Any CPU.ActiveCfg = Debug|Any CPU
		{9AFB6F9D-B41D-4EE2-933F-901BF6D0C92F}.Debug|Any CPU.Build.0 = Debug|Any CPU
		{9AFB6F9D-B41D-4EE2-933F-901BF6D0C92F}.Release|Any CPU.ActiveCfg = Release|Any CPU
		{9AFB6F9D-B41D-4EE2-933F-901BF6D0C92F}.Release|Any CPU.Build.0 = Release|Any CPU
		{EBE8E4DA-8ED7-49B2-9757-1D8A9FAF845A}.Debug|Any CPU.ActiveCfg = Debug|Any CPU
		{EBE8E4DA-8ED7-49B2-9757-1D8A9FAF845A}.Debug|Any CPU.Build.0 = Debug|Any CPU
		{EBE8E4DA-8ED7-49B2-9757-1D8A9FAF845A}.Release|Any CPU.ActiveCfg = Release|Any CPU
		{EBE8E4DA-8ED7-49B2-9757-1D8A9FAF845A}.Release|Any CPU.Build.0 = Release|Any CPU
		{A7217344-C93D-4D5E-B3F7-E6AA8CDA38FD}.Debug|Any CPU.ActiveCfg = Debug|Any CPU
		{A7217344-C93D-4D5E-B3F7-E6AA8CDA38FD}.Debug|Any CPU.Build.0 = Debug|Any CPU
		{A7217344-C93D-4D5E-B3F7-E6AA8CDA38FD}.Release|Any CPU.ActiveCfg = Release|Any CPU
		{A7217344-C93D-4D5E-B3F7-E6AA8CDA38FD}.Release|Any CPU.Build.0 = Release|Any CPU
		{35FE9D4F-56F8-405B-A707-ECACBF223A78}.Debug|Any CPU.ActiveCfg = Debug|Any CPU
		{35FE9D4F-56F8-405B-A707-ECACBF223A78}.Debug|Any CPU.Build.0 = Debug|Any CPU
		{35FE9D4F-56F8-405B-A707-ECACBF223A78}.Release|Any CPU.ActiveCfg = Release|Any CPU
		{35FE9D4F-56F8-405B-A707-ECACBF223A78}.Release|Any CPU.Build.0 = Release|Any CPU
		{C56AEDAB-EF62-4DB5-8DB2-9361ECD80E62}.Debug|Any CPU.ActiveCfg = Debug|Any CPU
		{C56AEDAB-EF62-4DB5-8DB2-9361ECD80E62}.Debug|Any CPU.Build.0 = Debug|Any CPU
		{C56AEDAB-EF62-4DB5-8DB2-9361ECD80E62}.Release|Any CPU.ActiveCfg = Release|Any CPU
		{C56AEDAB-EF62-4DB5-8DB2-9361ECD80E62}.Release|Any CPU.Build.0 = Release|Any CPU
		{19947A6C-D891-40F1-BA69-874AD48CAC86}.Debug|Any CPU.ActiveCfg = Debug|Any CPU
		{19947A6C-D891-40F1-BA69-874AD48CAC86}.Debug|Any CPU.Build.0 = Debug|Any CPU
		{19947A6C-D891-40F1-BA69-874AD48CAC86}.Release|Any CPU.ActiveCfg = Release|Any CPU
		{19947A6C-D891-40F1-BA69-874AD48CAC86}.Release|Any CPU.Build.0 = Release|Any CPU
	EndGlobalSection
	GlobalSection(SolutionProperties) = preSolution
		HideSolutionNode = FALSE
	EndGlobalSection
	GlobalSection(NestedProjects) = preSolution
		{D61647A3-7A9E-41C0-AE71-5DAA3933BD78} = {C0FF10CE-413B-4AA9-A3D5-9092CF448376}
		{CA42B17E-AF56-43FF-804A-B2CF1E537D64} = {C0FF10CE-413B-4AA9-A3D5-9092CF448376}
		{D5BB645C-6727-4818-A346-7D75366319C7} = {217E33C4-BFDF-407E-8D9C-494657F5BE92}
		{A63D053B-3E73-4D34-BEC3-9B53AB87DCD5} = {217E33C4-BFDF-407E-8D9C-494657F5BE92}
		{41CBA5DE-FE8C-48C0-B44C-6EC7FB03677A} = {44F0CDB8-4F5F-4AA8-8BB8-FE2A777D1EA9}
		{5C7BA5EA-305E-4842-BEA0-21BD5BA4A87C} = {97007CE1-1A44-428F-9800-B9615F34798A}
		{15CC6706-3265-4234-A37F-616628E7248F} = {217E33C4-BFDF-407E-8D9C-494657F5BE92}
		{DE451BD8-C890-4631-A54F-CEE99C4284A5} = {217E33C4-BFDF-407E-8D9C-494657F5BE92}
		{D9AAAFC9-58D7-4BD5-A993-0A1EA6E8080F} = {217E33C4-BFDF-407E-8D9C-494657F5BE92}
		{9AFB6F9D-B41D-4EE2-933F-901BF6D0C92F} = {44F0CDB8-4F5F-4AA8-8BB8-FE2A777D1EA9}
		{A7217344-C93D-4D5E-B3F7-E6AA8CDA38FD} = {97007CE1-1A44-428F-9800-B9615F34798A}
		{35FE9D4F-56F8-405B-A707-ECACBF223A78} = {97007CE1-1A44-428F-9800-B9615F34798A}
		{C56AEDAB-EF62-4DB5-8DB2-9361ECD80E62} = {C0FF10CE-413B-4AA9-A3D5-9092CF448376}
		{19947A6C-D891-40F1-BA69-874AD48CAC86} = {C0FF10CE-413B-4AA9-A3D5-9092CF448376}
	EndGlobalSection
	GlobalSection(ExtensibilityGlobals) = postSolution
		SolutionGuid = {0CC7E8FC-B6CE-498B-90C7-856C98A2D105}
	EndGlobalSection
EndGlobal
